hash: 69f938f992c9fb27e165f234680dc3469c8a1ae0ea8cf8fae8b216589cc8da06
updated: 2017-04-09T16:45:45.007753561Z
imports:
- name: github.com/aws/aws-sdk-go
  version: 200fde3f632bb9f036ec0b8cb29fbc8588155ea5
  subpackages:
  - aws
  - aws/awserr
  - aws/awsutil
  - aws/client
  - aws/client/metadata
  - aws/corehandlers
  - aws/credentials
  - aws/credentials/ec2rolecreds
  - aws/credentials/endpointcreds
  - aws/credentials/stscreds
  - aws/defaults
  - aws/ec2metadata
  - aws/endpoints
  - aws/request
  - aws/session
  - aws/signer/v4
  - private/endpoints
  - private/protocol
  - private/protocol/query
  - private/protocol/query/queryutil
  - private/protocol/rest
  - private/protocol/restxml
  - private/protocol/xml/xmlutil
  - private/waiter
  - service/s3
  - service/sts
  - vendor/github.com/go-ini/ini
  - vendor/github.com/jmespath/go-jmespath
- name: github.com/dgrijalva/jwt-go
  version: d2709f9f1f31ebcda9651b03077758c1f3a0018c
- name: github.com/disintegration/imaging
  version: ac27d1805a555e1754fa177216ee07f4e63c30b5
- name: github.com/go-ini/ini
  version: 2ba15ac2dc9cdf88c110ec2dc0ced7fa45f5678c
- name: github.com/jmespath/go-jmespath
  version: bd40a432e4c76585ef6b72d3fd96fb9b6dc7b68d
- name: github.com/jmoiron/sqlx
  version: 8ed836a8adb659e8492bcaa49e0880bb84075fe2
  subpackages:
  - reflectx
- name: github.com/julienschmidt/httprouter
  version: 8a45e95fc75cb77048068a62daed98cc22fdac7c
- name: github.com/lib/pq
  version: 472a0745531a17dbac346e828b4c60e73ddff30c
  subpackages:
  - oid
- name: github.com/mattes/migrate
  version: ce1b59bb819416ca67422929b1cb48bb342720b6
  subpackages:
  - driver
  - driver/postgres
  - file
  - migrate
  - migrate/direction
  - pipe
- name: github.com/phyber/negroni-gzip
  version: 13f05ed68248e012fcc773ecd829abcc0bb3abd8
  subpackages:
  - gzip
- name: github.com/rwcarlsen/goexif
  version: 41dad3aa083329f3f672b7095a9ea8a0c384bbe8
  subpackages:
  - exif
  - tiff
- name: github.com/unrolled/render
  version: 50716a0a853771bb36bfce61a45cdefdb98c2e6e
- name: github.com/urfave/negroni
  version: c0db5feaa33826cd5117930c8f4ee5c0f565eec6
- name: golang.org/x/crypto
  version: 459e26527287adbc2adcc5d0d49abff9a5f315a7
  subpackages:
  - bcrypt
  - blowfish
- name: golang.org/x/image
  version: fb59e5ba1052c469714bd4e918e7d8360aaa9642
  subpackages:
  - bmp
  - tiff
  - tiff/lzw
- name: gopkg.in/tylerb/graceful.v1
  version: 4654dfbb6ad53cb5e27f37d99b02e16c1872fbbb
testImports: []
