github.com/aws/aws-sdk-go v1.13.60 h1:0p10uYWjtcRhkqsZkcNw9mmB7ee1w+4/mq8Z6BPbrH0=
github.com/aws/aws-sdk-go v1.13.60/go.mod h1:ZRmQr0FajVIyZ4ZzBYKG5P3ZqPz9IHG41ZoMu1ADI3k=
github.com/dgrijalva/jwt-go v3.2.0+incompatible h1:7qlOGliEKZXTDg6OTjfoBKDXWrumCAMpl/TFQ4/5kLM=
github.com/dgrijalva/jwt-go v3.2.0+incompatible/go.mod h1:E3ru+11k8xSBh+hMPgOLZmtrrCbhqsmaPHjLKYnJCaQ=
github.com/disintegration/imaging v1.4.2 h1:BSVxoYQ2NfLdvIGCDD8GHgBV5K0FCEsc0d/6FxQII3I=
github.com/disintegration/imaging v1.4.2/go.mod h1:9B/deIUIrliYkyMTuXJd6OUFLcrZ2tf+3Qlwnaf/CjU=
github.com/go-ini/ini v1.37.0 h1:/FpMfveJbc7ExTTDgT5nL9Vw+aZdst/c2dOxC931U+M=
github.com/go-ini/ini v1.37.0/go.mod h1:ByCAeIL28uOIIG0E3PJtZPDL8WnHpFKFOtgjp+3Ies8=
github.com/jmespath/go-jmespath v0.0.0-20160202185014-0b12d6b521d8 h1:12VvqtR6Aowv3l/EQUlocDHW2Cp4G9WJVH7uyH8QFJE=
github.com/jmespath/go-jmespath v0.0.0-20160202185014-0b12d6b521d8/go.mod h1:Nht3zPeWKUH0NzdCt2Blrr5ys8VGpn0CEB0cQHVjt7k=
github.com/jmoiron/sqlx v0.0.0-20180406164412-2aeb6a910c2b h1:eR1qlND4ShQ9W/Q56oy9c/Jj6hpqS5heEruKQVbJGNo=
github.com/jmoiron/sqlx v0.0.0-20180406164412-2aeb6a910c2b/go.mod h1:IiEW3SEiiErVyFdH8NTuWjSifiEQKUoyK3LNqr2kCHU=
github.com/julienschmidt/httprouter v0.0.0-20180411154501-adbc77eec0d9 h1:TrJiKy0TujUDAEeXQCwLjfoU0JtkOG3yImw3jAWJxo0=
github.com/julienschmidt/httprouter v0.0.0-20180411154501-adbc77eec0d9/go.mod h1:SYymIcj16QtmaHHD7aYtjjsJG7VTCxuUUipMqKk8s4w=
github.com/lib/pq v0.0.0-20180523175426-90697d60dd84 h1:it29sI2IM490luSc3RAhp5WuCYnc6RtbfLVAB7nmC5M=
github.com/lib/pq v0.0.0-20180523175426-90697d60dd84/go.mod h1:5WUZQaWbwv1U+lTReE5YruASi9Al49XbQIvNi/34Woo=
github.com/rwcarlsen/goexif v0.0.0-20141222211634-41dad3aa0833 h1:jwa1bSL1nx8Yz7pOXkjXJCbKAffj5i2Rrl9ALRqSy6Y=
github.com/rwcarlsen/goexif v0.0.0-20141222211634-41dad3aa0833/go.mod h1:hPqNNc0+uJM6H+SuU8sEs5K5IQeKccPqeSjfgcKGgPk=
github.com/satori/go.uuid v1.2.0 h1:0uYX9dsZ2yD7q2RtLRtPSdGDWzjeM3TbMJP9utgA0ww=
github.com/satori/go.uuid v1.2.0/go.mod h1:dA0hQrYB0VpLJoorglMZABFdXlWrHn1NEOzdhQKdks0=
github.com/unrolled/render v0.0.0-20171102162132-65450fb6b2d3 h1:ZsIlNwu/G0zbChIZaWOeZ2TPGNmKMt46jZLXi3e8LFc=
github.com/unrolled/render v0.0.0-20171102162132-65450fb6b2d3/go.mod h1:tu82oB5W2ykJRVioYsB+IQKcft7ryBr7w12qMBUPyXg=
github.com/urfave/negroni v0.0.0-20180130044549-22c5532ea862 h1:eg5xqGZGatsyRpVnFJkdeUWSFk46lDgkXLvOryv5ySg=
github.com/urfave/negroni v0.0.0-20180130044549-22c5532ea862/go.mod h1:Meg73S6kFm/4PpbYdq35yYWoCZ9mS/YSx+lKnmiohz4=
golang.org/x/crypto v0.0.0-20180602220124-df8d4716b347 h1:+jjpoZyGXummmGKty7FoOcAE9yNHXYwr4nOv+07g6X4=
golang.org/x/crypto v0.0.0-20180602220124-df8d4716b347/go.mod h1:6SG95UA2DQfeDnfUPMdvaQW0Q7yPrPDi9nlGo2tz2b4=
golang.org/x/image v0.0.0-20180601115456-af66defab954 h1:n7UB+yxe5jyWxOA3BTAfwi23lhfKEIddaB/so7YOYe0=
golang.org/x/image v0.0.0-20180601115456-af66defab954/go.mod h1:ux5Hcp/YLpHSI86hEcLt0YII63i6oz57MZXIpbrjZUs=
gopkg.in/mattes/migrate.v1 v1.3.2 h1:tWus4MPMhDY/htX+NCvASiQVRU2pj4Jyj4T8AIv6vUw=
gopkg.in/mattes/migrate.v1 v1.3.2/go.mod h1:9MM/XKbic94WtsLpsWJqUBGrOE+x9nxBI8hfKAfSAF0=
